github.com/HugoBlox/hugo-blox-builder/modules/blox-plugin-netlify v1.1.2-0.20231125200520-804c70f7efb8 h1:nAXSNS5imm7XpP00cQdx12burtN3TQAUcTy1kSU+RMs=
github.com/HugoBlox/hugo-blox-builder/modules/blox-plugin-netlify v1.1.2-0.20231125200520-804c70f7efb8/go.mod h1:C7jfxMLv1bEUqbM9XDSmEpfOpS8w06OgqNDEcbuRgL4=
github.com/HugoBlox/hugo-blox-builder/modules/blox-tailwind v0.2.1-0.20241012174104-661cadc17327 h1:5P+3GBud67lEhxVevV2UbAZccMBMZnmsmSpP1amosXM=
github.com/HugoBlox/hugo-blox-builder/modules/blox-tailwind v0.2.1-0.20241012174104-661cadc17327/go.mod h1:bUQKSt1XQhk60nSpI6D+MibQi6v8s7HghF5qoAtlhws=
